[[package]]
category = "main"
description = "Async http client/server framework (asyncio)"
name = "aiohttp"
optional = false
python-versions = ">=3.5.3"
version = "3.6.2"

[package.dependencies]
async-timeout = ">=3.0,<4.0"
attrs = ">=17.3.0"
chardet = ">=2.0,<4.0"
multidict = ">=4.5,<5.0"
yarl = ">=1.0,<2.0"

[[package]]
category = "dev"
description = "Mock out requests made by ClientSession from aiohttp package"
name = "aioresponses"
optional = false
python-versions = "*"
version = "0.6.4"

[package.dependencies]
aiohttp = ">=2.0.0,<4.0.0"

[[package]]
category = "dev"
description = "A small Python module for determining appropriate platform-specific dirs, e.g. a \"user data dir\"."
name = "appdirs"
optional = false
python-versions = "*"
version = "1.4.4"

[[package]]
category = "main"
description = "Timeout context manager for asyncio programs"
name = "async-timeout"
optional = false
python-versions = ">=3.5.3"
version = "3.0.1"

[[package]]
category = "dev"
description = "Enhance the standard unittest package with features for testing asyncio libraries"
name = "asynctest"
optional = false
python-versions = ">=3.5"
version = "0.13.0"

[[package]]
category = "main"
description = "Atomic file writes."
marker = "sys_platform == \"win32\""
name = "atomicwrites"
optional = false
python-versions = ">=2.7, !=3.0.*, !=3.1.*, !=3.2.*, !=3.3.*"
version = "1.4.0"

[[package]]
category = "main"
description = "Classes Without Boilerplate"
name = "attrs"
optional = false
python-versions = ">=2.7, !=3.0.*, !=3.1.*, !=3.2.*, !=3.3.*"
version = "19.3.0"

[[package]]
category = "dev"
description = "The uncompromising code formatter."
name = "black"
optional = false
python-versions = ">=3.6"
version = "18.9b0"

[package.dependencies]
appdirs = "*"
attrs = ">=17.4.0"
click = ">=6.5"
toml = ">=0.9.4"

[[package]]
category = "dev"
description = "Python package for providing Mozilla's CA Bundle."
name = "certifi"
optional = false
python-versions = "*"
version = "2020.4.5.2"

[[package]]
category = "main"
description = "Universal encoding detector for Python 2 and 3"
name = "chardet"
optional = false
python-versions = "*"
version = "3.0.4"

[[package]]
category = "main"
description = "Composable command line interface toolkit"
name = "click"
optional = false
python-versions = ">=2.7, !=3.0.*, !=3.1.*, !=3.2.*, !=3.3.*, !=3.4.*"
version = "7.1.2"

[[package]]
category = "dev"
description = "Hosted coverage reports for GitHub, Bitbucket and Gitlab"
name = "codecov"
optional = false
python-versions = ">=2.7, !=3.0.*, !=3.1.*, !=3.2.*, !=3.3.*"
version = "2.1.4"

[package.dependencies]
coverage = "*"
requests = ">=2.7.9"

[[package]]
category = "main"
description = "Cross-platform colored terminal text."
marker = "sys_platform == \"win32\""
name = "colorama"
optional = false
python-versions = ">=2.7, !=3.0.*, !=3.1.*, !=3.2.*, !=3.3.*, !=3.4.*"
version = "0.4.3"

[[package]]
category = "main"
description = "Code coverage measurement for Python"
name = "coverage"
optional = false
python-versions = ">=2.7, !=3.0.*, !=3.1.*, !=3.2.*, !=3.3.*, !=3.4.*, <4"
version = "5.1"

[[package]]
category = "dev"
description = "the modular source code checker: pep8 pyflakes and co"
name = "flake8"
optional = false
python-versions = "!=3.0.*,!=3.1.*,!=3.2.*,!=3.3.*,>=2.7"
version = "3.8.2"

[package.dependencies]
mccabe = ">=0.6.0,<0.7.0"
pycodestyle = ">=2.6.0a1,<2.7.0"
pyflakes = ">=2.2.0,<2.3.0"

[package.dependencies.importlib-metadata]
python = "<3.8"
version = "*"

[[package]]
category = "main"
description = "Internationalized Domain Names in Applications (IDNA)"
name = "idna"
optional = false
python-versions = ">=2.7, !=3.0.*, !=3.1.*, !=3.2.*, !=3.3.*"
version = "2.9"

[[package]]
category = "main"
description = "Read metadata from Python packages"
marker = "python_version < \"3.8\""
name = "importlib-metadata"
optional = false
python-versions = "!=3.0.*,!=3.1.*,!=3.2.*,!=3.3.*,!=3.4.*,>=2.7"
version = "1.6.1"

[package.dependencies]
zipp = ">=0.5"

[[package]]
category = "dev"
description = "McCabe checker, plugin for flake8"
name = "mccabe"
optional = false
python-versions = "*"
version = "0.6.1"

[[package]]
category = "main"
description = "More routines for operating on iterables, beyond itertools"
name = "more-itertools"
optional = false
python-versions = ">=3.5"
version = "8.3.0"

[[package]]
category = "main"
description = "multidict implementation"
name = "multidict"
optional = false
python-versions = ">=3.5"
version = "4.7.6"

[[package]]
category = "main"
description = "Core utilities for Python packages"
name = "packaging"
optional = false
python-versions = ">=2.7, !=3.0.*, !=3.1.*, !=3.2.*, !=3.3.*"
version = "20.4"

[package.dependencies]
pyparsing = ">=2.0.2"
six = "*"

[[package]]
category = "main"
description = "plugin and hook calling mechanisms for python"
name = "pluggy"
optional = false
python-versions = ">=2.7, !=3.0.*, !=3.1.*, !=3.2.*, !=3.3.*"
version = "0.13.1"

[package.dependencies]
[package.dependencies.importlib-metadata]
python = "<3.8"
version = ">=0.12"

[[package]]
category = "main"
description = "library with cross-python path, ini-parsing, io, code, log facilities"
name = "py"
optional = false
python-versions = ">=2.7, !=3.0.*, !=3.1.*, !=3.2.*, !=3.3.*"
version = "1.8.1"

[[package]]
category = "dev"
description = "Python style guide checker"
name = "pycodestyle"
optional = false
python-versions = ">=2.7, !=3.0.*, !=3.1.*, !=3.2.*, !=3.3.*"
version = "2.6.0"

[[package]]
category = "main"
description = "Data validation and settings management using python 3.6 type hinting"
name = "pydantic"
optional = false
python-versions = ">=3.6"
version = "1.5.1"

[[package]]
category = "dev"
description = "passive checker of Python programs"
name = "pyflakes"
optional = false
python-versions = ">=2.7, !=3.0.*, !=3.1.*, !=3.2.*, !=3.3.*"
version = "2.2.0"

[[package]]
category = "main"
description = "Python parsing module"
name = "pyparsing"
optional = false
python-versions = ">=2.6, !=3.0.*, !=3.1.*, !=3.2.*"
version = "2.4.7"

[[package]]
category = "main"
description = "pytest: simple powerful testing with Python"
name = "pytest"
optional = false
python-versions = ">=3.5"
version = "5.4.3"

[package.dependencies]
atomicwrites = ">=1.0"
attrs = ">=17.4.0"
colorama = "*"
more-itertools = ">=4.0.0"
packaging = "*"
pluggy = ">=0.12,<1.0"
py = ">=1.5.0"
wcwidth = "*"

[package.dependencies.importlib-metadata]
python = "<3.8"
version = ">=0.12"

[[package]]
category = "main"
description = "Pytest support for asyncio."
name = "pytest-asyncio"
optional = false
python-versions = ">= 3.5"
version = "0.12.0"

[package.dependencies]
pytest = ">=5.4.0"

[[package]]
category = "main"
description = "Pytest plugin for measuring coverage."
name = "pytest-cov"
optional = false
python-versions = ">=2.7, !=3.0.*, !=3.1.*, !=3.2.*, !=3.3.*, !=3.4.*"
version = "2.9.0"

[package.dependencies]
coverage = ">=4.4"
pytest = ">=3.6"

[[package]]
category = "dev"
description = "Thin-wrapper around the mock package for easier use with pytest"
name = "pytest-mock"
optional = false
python-versions = ">=3.5"
version = "3.1.1"

[package.dependencies]
pytest = ">=2.7"

[[package]]
category = "dev"
description = "Python HTTP for Humans."
name = "requests"
optional = false
python-versions = ">=2.7, !=3.0.*, !=3.1.*, !=3.2.*, !=3.3.*, !=3.4.*"
version = "2.23.0"

[package.dependencies]
certifi = ">=2017.4.17"
chardet = ">=3.0.2,<4"
idna = ">=2.5,<3"
urllib3 = ">=1.21.1,<1.25.0 || >1.25.0,<1.25.1 || >1.25.1,<1.26"

[[package]]
category = "main"
description = "Python 2 and 3 compatibility utilities"
name = "six"
optional = false
python-versions = ">=2.7, !=3.0.*, !=3.1.*, !=3.2.*"
version = "1.15.0"

[[package]]
category = "dev"
description = "Python Library for Tom's Obvious, Minimal Language"
name = "toml"
optional = false
python-versions = "*"
version = "0.10.1"

[[package]]
category = "dev"
description = "HTTP library with thread-safe connection pooling, file post, and more."
name = "urllib3"
optional = false
python-versions = ">=2.7, !=3.0.*, !=3.1.*, !=3.2.*, !=3.3.*, !=3.4.*, <4"
version = "1.25.9"

[[package]]
category = "main"
description = "Measures the displayed width of unicode strings in a terminal"
name = "wcwidth"
optional = false
python-versions = "*"
version = "0.2.3"

[[package]]
category = "main"
description = "Yet another URL library"
name = "yarl"
optional = false
python-versions = ">=3.5"
version = "1.4.2"

[package.dependencies]
idna = ">=2.0"
multidict = ">=4.0"

[[package]]
category = "main"
description = "Backport of pathlib-compatible object wrapper for zip files"
marker = "python_version < \"3.8\""
name = "zipp"
optional = false
python-versions = ">=3.6"
version = "3.1.0"

[metadata]
content-hash = "85b63776d98e1620e7c48d638c33ceb84fb9b0220189bd689529c4e06ae97f2a"
python-versions = "^3.7"

[metadata.hashes]
aiohttp = ["1e984191d1ec186881ffaed4581092ba04f7c61582a177b187d3a2f07ed9719e", "259ab809ff0727d0e834ac5e8a283dc5e3e0ecc30c4d80b3cd17a4139ce1f326", "2f4d1a4fdce595c947162333353d4a44952a724fba9ca3205a3df99a33d1307a", "32e5f3b7e511aa850829fbe5aa32eb455e5534eaa4b1ce93231d00e2f76e5654", "344c780466b73095a72c616fac5ea9c4665add7fc129f285fbdbca3cccf4612a", "460bd4237d2dbecc3b5ed57e122992f60188afe46e7319116da5eb8a9dfedba4", "4c6efd824d44ae697814a2a85604d8e992b875462c6655da161ff18fd4f29f17", "50aaad128e6ac62e7bf7bd1f0c0a24bc968a0c0590a726d5a955af193544bcec", "6206a135d072f88da3e71cc501c59d5abffa9d0bb43269a6dcd28d66bfafdbdd", "65f31b622af739a802ca6fd1a3076fd0ae523f8485c52924a89561ba10c49b48", "ae55bac364c405caa23a4f2d6cfecc6a0daada500274ffca4a9230e7129eac59", "b778ce0c909a2653741cb4b1ac7015b5c130ab9c897611df43ae6a58523cb965"]
aioresponses = ["4397ca736238a1ada8c7f47e557dda05e9ecfdd467b9f6b83871efd365af7e9f", "8e8b430aeddbacd25f4d94bfe11a46bc88a47be689df12c423e62cb86652ba3b"]
appdirs = ["7d5d0167b2b1ba821647616af46a749d1c653740dd0d2415100fe26e27afdf41", "a841dacd6b99318a741b166adb07e19ee71a274450e68237b4650ca1055ab128"]
async-timeout = ["0c3c816a028d47f659d6ff5c745cb2acf1f966da1fe5c19c77a70282b25f4c5f", "4291ca197d287d274d0b6cb5d6f8f8f82d434ed288f962539ff18cc9012f9ea3"]
asynctest = ["5da6118a7e6d6b54d83a8f7197769d046922a44d2a99c21382f0a6e4fadae676", "c27862842d15d83e6a34eb0b2866c323880eb3a75e4485b079ea11748fd77fac"]
atomicwrites = ["6d1784dea7c0c8d4a5172b6c620f40b6e4cbfdf96d783691f2e1302a7b88e197", "ae70396ad1a434f9c7046fd2dd196fc04b12f9e91ffb859164193be8b6168a7a"]
attrs = ["08a96c641c3a74e44eb59afb61a24f2cb9f4d7188748e76ba4bb5edfa3cb7d1c", "f7b7ce16570fe9965acd6d30101a28f62fb4a7f9e926b3bbc9b61f8b04247e72"]
black = ["817243426042db1d36617910df579a54f1afd659adb96fc5032fcf4b36209739", "e030a9a28f542debc08acceb273f228ac422798e5215ba2a791a6ddeaaca22a5"]
certifi = ["5ad7e9a056d25ffa5082862e36f119f7f7cec6457fa07ee2f8c339814b80c9b1", "9cd41137dc19af6a5e03b630eefe7d1f458d964d406342dd3edf625839b944cc"]
chardet = ["84ab92ed1c4d4f16916e05906b6b75a6c0fb5db821cc65e70cbd64a3e2a5eaae", "fc323ffcaeaed0e0a02bf4d117757b98aed530d9ed4531e3e15460124c106691"]
click = ["d2b5255c7c6349bc1bd1e59e08cd12acbbd63ce649f2588755783aa94dfb6b1a", "dacca89f4bfadd5de3d7489b7c8a566eee0d3676333fbb50030263894c38c0dc"]
codecov = ["24c24a7c8d1231b83729c7a2a33655ce472a3ba05e0111d52701e3e3075657c9", "7378c4bec1809dde64031bf7d76c95266b0e6d60cfcd1d6a16ce96bfb6360ac3", "bf30a41f65e747b159e2a749d1f9c92042d358bba0905fd94d3def3a368e592c"]
colorama = ["7d73d2a99753107a36ac6b455ee49046802e59d9d076ef8e47b61499fa29afff", "e96da0d330793e2cb9485e9ddfd918d456036c7149416295932478192f4436a1"]
coverage = ["00f1d23f4336efc3b311ed0d807feb45098fc86dee1ca13b3d6768cdab187c8a", "01333e1bd22c59713ba8a79f088b3955946e293114479bbfc2e37d522be03355", "0cb4be7e784dcdc050fc58ef05b71aa8e89b7e6636b99967fadbdba694cf2b65", "0e61d9803d5851849c24f78227939c701ced6704f337cad0a91e0972c51c1ee7", "1601e480b9b99697a570cea7ef749e88123c04b92d84cedaa01e117436b4a0a9", "2742c7515b9eb368718cd091bad1a1b44135cc72468c731302b3d641895b83d1", "2d27a3f742c98e5c6b461ee6ef7287400a1956c11421eb574d843d9ec1f772f0", "402e1744733df483b93abbf209283898e9f0d67470707e3c7516d84f48524f55", "5c542d1e62eece33c306d66fe0a5c4f7f7b3c08fecc46ead86d7916684b36d6c", "5f2294dbf7875b991c381e3d5af2bcc3494d836affa52b809c91697449d0eda6", "6402bd2fdedabbdb63a316308142597534ea8e1895f4e7d8bf7476c5e8751fef", "66460ab1599d3cf894bb6baee8c684788819b71a5dc1e8fa2ecc152e5d752019", "782caea581a6e9ff75eccda79287daefd1d2631cc09d642b6ee2d6da21fc0a4e", "79a3cfd6346ce6c13145731d39db47b7a7b859c0272f02cdb89a3bdcbae233a0", "7a5bdad4edec57b5fb8dae7d3ee58622d626fd3a0be0dfceda162a7035885ecf", "8fa0cbc7ecad630e5b0f4f35b0f6ad419246b02bc750de7ac66db92667996d24", "a027ef0492ede1e03a8054e3c37b8def89a1e3c471482e9f046906ba4f2aafd2", "a3f3654d5734a3ece152636aad89f58afc9213c6520062db3978239db122f03c", "a82b92b04a23d3c8a581fc049228bafde988abacba397d57ce95fe95e0338ab4", "acf3763ed01af8410fc36afea23707d4ea58ba7e86a8ee915dfb9ceff9ef69d0", "adeb4c5b608574a3d647011af36f7586811a2c1197c861aedb548dd2453b41cd", "b83835506dfc185a319031cf853fa4bb1b3974b1f913f5bb1a0f3d98bdcded04", "bb28a7245de68bf29f6fb199545d072d1036a1917dca17a1e75bbb919e14ee8e", "bf9cb9a9fd8891e7efd2d44deb24b86d647394b9705b744ff6f8261e6f29a730", "c317eaf5ff46a34305b202e73404f55f7389ef834b8dbf4da09b9b9b37f76dd2", "dbe8c6ae7534b5b024296464f387d57c13caa942f6d8e6e0346f27e509f0f768", "de807ae933cfb7f0c7d9d981a053772452217df2bf38e7e6267c9cbf9545a796", "dead2ddede4c7ba6cb3a721870f5141c97dc7d85a079edb4bd8d88c3ad5b20c7", "dec5202bfe6f672d4511086e125db035a52b00f1648d6407cc8e526912c0353a", "e1ea316102ea1e1770724db01998d1603ed921c54a86a2efcb03428d5417e489", "f90bfc4ad18450c80b024036eaf91e4a246ae287701aaa88eaebebf150868052"]
flake8 = ["c69ac1668e434d37a2d2880b3ca9aafd54b3a10a3ac1ab101d22f29e29cf8634", "ccaa799ef9893cebe69fdfefed76865aeaefbb94cb8545617b2298786a4de9a5"]
idna = ["7588d1c14ae4c77d74036e8c22ff447b26d0fde8f007354fd48a7814db15b7cb", "a068a21ceac8a4d63dbfd964670474107f541babbd2250d61922f029858365fa"]
importlib-metadata = ["0505dd08068cfec00f53a74a0ad927676d7757da81b7436a6eefe4c7cf75c545", "15ec6c0fd909e893e3a08b3a7c76ecb149122fb14b7efe1199ddd4c7c57ea958"]
mccabe = ["ab8a6258860da4b6677da4bd2fe5dc2c659cff31b3ee4f7f5d64e79735b80d42", "dd8d182285a0fe56bace7f45b5e7d1a6ebcbf524e8f3bd87eb0f125271b8831f"]
more-itertools = ["558bb897a2232f5e4f8e2399089e35aecb746e1f9191b6584a151647e89267be", "7818f596b1e87be009031c7653d01acc46ed422e6656b394b0f765ce66ed4982"]
multidict = ["1ece5a3369835c20ed57adadc663400b5525904e53bae59ec854a5d36b39b21a", "275ca32383bc5d1894b6975bb4ca6a7ff16ab76fa622967625baeebcf8079000", "3750f2205b800aac4bb03b5ae48025a64e474d2c6cc79547988ba1d4122a09e2", "4538273208e7294b2659b1602490f4ed3ab1c8cf9dbdd817e0e9db8e64be2507", "5141c13374e6b25fe6bf092052ab55c0c03d21bd66c94a0e3ae371d3e4d865a5", "51a4d210404ac61d32dada00a50ea7ba412e6ea945bbe992e4d7a595276d2ec7", "5cf311a0f5ef80fe73e4f4c0f0998ec08f954a6ec72b746f3c179e37de1d210d", "6513728873f4326999429a8b00fc7ceddb2509b01d5fd3f3be7881a257b8d463", "7388d2ef3c55a8ba80da62ecfafa06a1c097c18032a501ffd4cabbc52d7f2b19", "9456e90649005ad40558f4cf51dbb842e32807df75146c6d940b6f5abb4a78f3", "c026fe9a05130e44157b98fea3ab12969e5b60691a276150db9eda71710cd10b", "d14842362ed4cf63751648e7672f7174c9818459d169231d03c56e84daf90b7c", "e0d072ae0f2a179c375f67e3da300b47e1a83293c554450b29c900e50afaae87", "f07acae137b71af3bb548bd8da720956a3bc9f9a0b87733e0899226a2317aeb7", "fbb77a75e529021e7c4a8d4e823d88ef4d23674a202be4f5addffc72cbb91430", "fcfbb44c59af3f8ea984de67ec7c306f618a3ec771c2843804069917a8f2e255", "feed85993dbdb1dbc29102f50bca65bdc68f2c0c8d352468c25b54874f23c39d"]
packaging = ["4357f74f47b9c12db93624a82154e9b120fa8293699949152b22065d556079f8", "998416ba6962ae7fbd6596850b80e17859a5753ba17c32284f67bfff33784181"]
pluggy = ["15b2acde666561e1298d71b523007ed7364de07029219b604cf808bfa1c765b0", "966c145cd83c96502c3c3868f50408687b38434af77734af1e9ca461a4081d2d"]
py = ["5e27081401262157467ad6e7f851b7aa402c5852dbcb3dae06768434de5752aa", "c20fdd83a5dbc0af9efd622bee9a5564e278f6380fffcacc43ba6f43db2813b0"]
pycodestyle = ["2295e7b2f6b5bd100585ebcb1f616591b652db8a741695b3d8f5d28bdc934367", "c58a7d2815e0e8d7972bf1803331fb0152f867bd89adf8a01dfd55085434192e"]
pydantic = ["0a1cdf24e567d42dc762d3fed399bd211a13db2e8462af9dfa93b34c41648efb", "2007eb062ed0e57875ce8ead12760a6e44bf5836e6a1a7ea81d71eeecf3ede0f", "20a15a303ce1e4d831b4e79c17a4a29cb6740b12524f5bba3ea363bff65732bc", "2a6904e9f18dea58f76f16b95cba6a2f20b72d787abd84ecd67ebc526e61dce6", "3714a4056f5bdbecf3a41e0706ec9b228c9513eee2ad884dc2c568c4dfa540e9", "473101121b1bd454c8effc9fe66d54812fdc128184d9015c5aaa0d4e58a6d338", "68dece67bff2b3a5cc188258e46b49f676a722304f1c6148ae08e9291e284d98", "70f27d2f0268f490fe3de0a9b6fca7b7492b8fd6623f9fecd25b221ebee385e3", "8433dbb87246c0f562af75d00fa80155b74e4f6924b0db6a2078a3cd2f11c6c4", "8be325fc9da897029ee48d1b5e40df817d97fe969f3ac3fd2434ba7e198c55d5", "93b9f265329d9827f39f0fca68f5d72cc8321881cdc519a1304fa73b9f8a75bd", "9be755919258d5d168aeffbe913ed6e8bd562e018df7724b68cabdee3371e331", "ab863853cb502480b118187d670f753be65ec144e1654924bec33d63bc8b3ce2", "b96ce81c4b5ca62ab81181212edfd057beaa41411cd9700fbcb48a6ba6564b4e", "da8099fca5ee339d5572cfa8af12cf0856ae993406f0b1eb9bb38c8a660e7416", "e2c753d355126ddd1eefeb167fa61c7037ecd30b98e7ebecdc0d1da463b4ea09", "f0018613c7a0d19df3240c2a913849786f21b6539b9f23d85ce4067489dfacfa"]
pyflakes = ["0d94e0e05a19e57a99444b6ddcf9a6eb2e5c68d3ca1e98e90707af8152c90a92", "35b2d75ee967ea93b55750aa9edbbf72813e06a66ba54438df2cfac9e3c27fc8"]
pyparsing = ["c203ec8783bf771a155b207279b9bccb8dea02d8f0c9e5f8ead507bc3246ecc1", "ef9d7589ef3c200abe66653d3f1ab1033c3c419ae9b9bdb1240a85b024efc88b"]
pytest = ["5c0db86b698e8f170ba4582a492248919255fcd4c79b1ee64ace34301fb589a1", "7979331bfcba207414f5e1263b5a0f8f521d0f457318836a7355531ed1a4c7d8"]
pytest-asyncio = ["475bd2f3dc0bc11d2463656b3cbaafdbec5a47b47508ea0b329ee693040eebd2"]
pytest-cov = ["b6a814b8ed6247bd81ff47f038511b57fe1ce7f4cc25b9106f1a4b106f1d9322", "c87dfd8465d865655a8213859f1b4749b43448b5fae465cb981e16d52a811424"]
pytest-mock = ["636e792f7dd9e2c80657e174c04bf7aa92672350090736d82e97e92ce8f68737", "a9fedba70e37acf016238bb2293f2652ce19985ceb245bbd3d7f3e4032667402"]
requests = ["43999036bfa82904b6af1d99e4882b560e5e2c68e5c4b0aa03b655f3d7d73fee", "b3f43d496c6daba4493e7c431722aeb7dbc6288f52a6e04e7b6023b0247817e6"]
six = ["30639c035cdb23534cd4aa2dd52c3bf48f06e5f4a941509c8bafd8ce11080259", "8b74bedcbbbaca38ff6d7491d76f2b06b3592611af620f8426e82dddb04a5ced"]
toml = ["926b612be1e5ce0634a2ca03470f95169cf16f939018233a670519cb4ac58b0f", "bda89d5935c2eac546d648028b9901107a595863cb36bae0c73ac804a9b4ce88"]
urllib3 = ["3018294ebefce6572a474f0604c2021e33b3fd8006ecd11d62107a5d2a963527", "88206b0eb87e6d677d424843ac5209e3fb9d0190d0ee169599165ec25e9d9115"]
wcwidth = ["980fbf4f3c196c0f329cdcd1e84c554d6a211f18e252e525a0cf4223154a41d6", "edbc2b718b4db6cdf393eefe3a420183947d6aa312505ce6754516f458ff8830"]
yarl = ["0c2ab325d33f1b824734b3ef51d4d54a54e0e7a23d13b86974507602334c2cce", "0ca2f395591bbd85ddd50a82eb1fde9c1066fafe888c5c7cc1d810cf03fd3cc6", "2098a4b4b9d75ee352807a95cdf5f10180db903bc5b7270715c6bbe2551f64ce", "25e66e5e2007c7a39541ca13b559cd8ebc2ad8fe00ea94a2aad28a9b1e44e5ae", "26d7c90cb04dee1665282a5d1a998defc1a9e012fdca0f33396f81508f49696d", "308b98b0c8cd1dfef1a0311dc5e38ae8f9b58349226aa0533f15a16717ad702f", "3ce3d4f7c6b69c4e4f0704b32eca8123b9c58ae91af740481aa57d7857b5e41b", "58cd9c469eced558cd81aa3f484b2924e8897049e06889e8ff2510435b7ef74b", "5b10eb0e7f044cf0b035112446b26a3a2946bca9d7d7edb5e54a2ad2f6652abb", "6faa19d3824c21bcbfdfce5171e193c8b4ddafdf0ac3f129ccf0cdfcb083e462", "944494be42fa630134bf907714d40207e646fd5a94423c90d5b514f7b0713fea", "a161de7e50224e8e3de6e184707476b5a989037dcb24292b391a3d66ff158e70", "a4844ebb2be14768f7994f2017f70aca39d658a96c786211be5ddbe1c68794c1", "c2b509ac3d4b988ae8769901c66345425e361d518aecbe4acbfc2567e416626a", "c9959d49a77b0e07559e579f38b2f3711c2b8716b8410b320bf9713013215a1b", "d8cdee92bc930d8b09d8bd2043cedd544d9c8bd7436a77678dd602467a993080", "e15199cdb423316e15f108f51249e44eb156ae5dba232cb73be555324a1d49c2"]
zipp = ["aa36550ff0c0b7ef7fa639055d797116ee891440eac1a56f378e2d3179e0320b", "c599e4d75c98f6798c509911d08a22e6c021d074469042177c8c86fb92eefd96"]
